
Microsoft Visual Studio Solution File, Format Version 12.00
# Visual Studio Version 17
VisualStudioVersion = 17.4.33403.182
MinimumVisualStudioVersion = 10.0.40219.1
Project("{FAE04EC0-301F-11D3-BF4B-00C04F79EFBC}") = "ConsoleApp4", "ConsoleApp4\ConsoleApp4.csproj", "{3F5B16D8-6695-4959-91EF-0C99E439283E}"
EndProject
Global
	GlobalSection(SolutionConfigurationPlatforms) = preSolution
		Debug|Any CPU = Debug|Any CPU
		Release|Any CPU = Release|Any CPU
	EndGlobalSection
	GlobalSection(ProjectConfigurationPlatforms) = postSolution
		{3F5B16D8-6695-4959-91EF-0C99E439283E}.Debug|Any CPU.ActiveCfg = Debug|Any CPU
		{3F5B16D8-6695-4959-91EF-0C99E439283E}.Debug|Any CPU.Build.0 = Debug|Any CPU
		{3F5B16D8-6695-4959-91EF-0C99E439283E}.Release|Any CPU.ActiveCfg = Release|Any CPU
		{3F5B16D8-6695-4959-91EF-0C99E439283E}.Release|Any CPU.Build.0 = Release|Any CPU
	EndGlobalSection
	GlobalSection(SolutionProperties) = preSolution
		HideSolutionNode = FALSE
	EndGlobalSection
	GlobalSection(ExtensibilityGlobals) = postSolution
		SolutionGuid = {D410A3F0-E90A-4B07-98A4-1CEA09127872}
	EndGlobalSection
EndGlobal
